<?xml version="1.0" encoding="UTF-8"?>
<CodeBlocks_project_file>
	<FileVersion major="1" minor="6"/>
	<Project>
		<Option title="ClassMetrics"/>
		<Option makefile_is_custom="1"/>
		<Option compiler="gcc"/>
		<Option virtualFolders="CMake Files\;"/>
		<Build>
			<Target title="all">
				<Option working_dir="C:/Users/i_maa/Documents/MASC/Class Metrics Library/ClassMetricsLib"/>
				<Option type="4"/>
				<MakeCommands>
					<Build command="C:/MinGW/bin/mingw32-make.exe -f &quot;C:/Users/i_maa/Documents/MASC/Class Metrics Library/ClassMetricsLib/Makefile&quot;  VERBOSE=1 all"/>
					<CompileFile command="C:/MinGW/bin/mingw32-make.exe -f &quot;C:/Users/i_maa/Documents/MASC/Class Metrics Library/ClassMetricsLib/Makefile&quot;  VERBOSE=1 &quot;$file&quot;"/>
					<Clean command="C:/MinGW/bin/mingw32-make.exe -f &quot;C:/Users/i_maa/Documents/MASC/Class Metrics Library/ClassMetricsLib/Makefile&quot;  VERBOSE=1 clean"/>
					<DistClean command="C:/MinGW/bin/mingw32-make.exe -f &quot;C:/Users/i_maa/Documents/MASC/Class Metrics Library/ClassMetricsLib/Makefile&quot;  VERBOSE=1 clean"/>
				</MakeCommands>
			</Target>
			<Target title="edit_cache">
				<Option working_dir="C:/Users/i_maa/Documents/MASC/Class Metrics Library/ClassMetricsLib"/>
				<Option type="4"/>
				<MakeCommands>
					<Build command="C:/MinGW/bin/mingw32-make.exe -f &quot;C:/Users/i_maa/Documents/MASC/Class Metrics Library/ClassMetricsLib/Makefile&quot;  VERBOSE=1 edit_cache"/>
					<CompileFile command="C:/MinGW/bin/mingw32-make.exe -f &quot;C:/Users/i_maa/Documents/MASC/Class Metrics Library/ClassMetricsLib/Makefile&quot;  VERBOSE=1 &quot;$file&quot;"/>
					<Clean command="C:/MinGW/bin/mingw32-make.exe -f &quot;C:/Users/i_maa/Documents/MASC/Class Metrics Library/ClassMetricsLib/Makefile&quot;  VERBOSE=1 clean"/>
					<DistClean command="C:/MinGW/bin/mingw32-make.exe -f &quot;C:/Users/i_maa/Documents/MASC/Class Metrics Library/ClassMetricsLib/Makefile&quot;  VERBOSE=1 clean"/>
				</MakeCommands>
			</Target>
			<Target title="main">
				<Option output="C:/Users/i_maa/Documents/MASC/Class Metrics Library/ClassMetricsLib/main.exe" prefix_auto="0" extension_auto="0"/>
				<Option working_dir="C:/Users/i_maa/Documents/MASC/Class Metrics Library/ClassMetricsLib"/>
				<Option object_output="./"/>
				<Option type="1"/>
				<Option compiler="gcc"/>
				<Compiler>
					<Add directory="C:/Users/i_maa/Documents/MASC/Class Metrics Library/ClassMetricsLib/Classification"/>
				</Compiler>
				<MakeCommands>
					<Build command="C:/MinGW/bin/mingw32-make.exe -f &quot;C:/Users/i_maa/Documents/MASC/Class Metrics Library/ClassMetricsLib/Makefile&quot;  VERBOSE=1 main"/>
					<CompileFile command="C:/MinGW/bin/mingw32-make.exe -f &quot;C:/Users/i_maa/Documents/MASC/Class Metrics Library/ClassMetricsLib/Makefile&quot;  VERBOSE=1 &quot;$file&quot;"/>
					<Clean command="C:/MinGW/bin/mingw32-make.exe -f &quot;C:/Users/i_maa/Documents/MASC/Class Metrics Library/ClassMetricsLib/Makefile&quot;  VERBOSE=1 clean"/>
					<DistClean command="C:/MinGW/bin/mingw32-make.exe -f &quot;C:/Users/i_maa/Documents/MASC/Class Metrics Library/ClassMetricsLib/Makefile&quot;  VERBOSE=1 clean"/>
				</MakeCommands>
			</Target>
			<Target title="main/fast">
				<Option output="C:/Users/i_maa/Documents/MASC/Class Metrics Library/ClassMetricsLib/main.exe" prefix_auto="0" extension_auto="0"/>
				<Option working_dir="C:/Users/i_maa/Documents/MASC/Class Metrics Library/ClassMetricsLib"/>
				<Option object_output="./"/>
				<Option type="1"/>
				<Option compiler="gcc"/>
				<Compiler>
					<Add directory="C:/Users/i_maa/Documents/MASC/Class Metrics Library/ClassMetricsLib/Classification"/>
				</Compiler>
				<MakeCommands>
					<Build command="C:/MinGW/bin/mingw32-make.exe -f &quot;C:/Users/i_maa/Documents/MASC/Class Metrics Library/ClassMetricsLib/Makefile&quot;  VERBOSE=1 main/fast"/>
					<CompileFile command="C:/MinGW/bin/mingw32-make.exe -f &quot;C:/Users/i_maa/Documents/MASC/Class Metrics Library/ClassMetricsLib/Makefile&quot;  VERBOSE=1 &quot;$file&quot;"/>
					<Clean command="C:/MinGW/bin/mingw32-make.exe -f &quot;C:/Users/i_maa/Documents/MASC/Class Metrics Library/ClassMetricsLib/Makefile&quot;  VERBOSE=1 clean"/>
					<DistClean command="C:/MinGW/bin/mingw32-make.exe -f &quot;C:/Users/i_maa/Documents/MASC/Class Metrics Library/ClassMetricsLib/Makefile&quot;  VERBOSE=1 clean"/>
				</MakeCommands>
			</Target>
			<Target title="ClassMetrics">
				<Option output="C:/Users/i_maa/Documents/MASC/Class Metrics Library/ClassMetricsLib/libClassMetrics.a" prefix_auto="0" extension_auto="0"/>
				<Option working_dir="C:/Users/i_maa/Documents/MASC/Class Metrics Library/ClassMetricsLib"/>
				<Option object_output="./"/>
				<Option type="2"/>
				<Option compiler="gcc"/>
				<Compiler>
					<Add directory="C:/Users/i_maa/Documents/MASC/Class Metrics Library/ClassMetricsLib/Classification"/>
				</Compiler>
				<MakeCommands>
					<Build command="C:/MinGW/bin/mingw32-make.exe -f &quot;C:/Users/i_maa/Documents/MASC/Class Metrics Library/ClassMetricsLib/Makefile&quot;  VERBOSE=1 ClassMetrics"/>
					<CompileFile command="C:/MinGW/bin/mingw32-make.exe -f &quot;C:/Users/i_maa/Documents/MASC/Class Metrics Library/ClassMetricsLib/Makefile&quot;  VERBOSE=1 &quot;$file&quot;"/>
					<Clean command="C:/MinGW/bin/mingw32-make.exe -f &quot;C:/Users/i_maa/Documents/MASC/Class Metrics Library/ClassMetricsLib/Makefile&quot;  VERBOSE=1 clean"/>
					<DistClean command="C:/MinGW/bin/mingw32-make.exe -f &quot;C:/Users/i_maa/Documents/MASC/Class Metrics Library/ClassMetricsLib/Makefile&quot;  VERBOSE=1 clean"/>
				</MakeCommands>
			</Target>
			<Target title="ClassMetrics/fast">
				<Option output="C:/Users/i_maa/Documents/MASC/Class Metrics Library/ClassMetricsLib/libClassMetrics.a" prefix_auto="0" extension_auto="0"/>
				<Option working_dir="C:/Users/i_maa/Documents/MASC/Class Metrics Library/ClassMetricsLib"/>
				<Option object_output="./"/>
				<Option type="2"/>
				<Option compiler="gcc"/>
				<Compiler>
					<Add directory="C:/Users/i_maa/Documents/MASC/Class Metrics Library/ClassMetricsLib/Classification"/>
				</Compiler>
				<MakeCommands>
					<Build command="C:/MinGW/bin/mingw32-make.exe -f &quot;C:/Users/i_maa/Documents/MASC/Class Metrics Library/ClassMetricsLib/Makefile&quot;  VERBOSE=1 ClassMetrics/fast"/>
					<CompileFile command="C:/MinGW/bin/mingw32-make.exe -f &quot;C:/Users/i_maa/Documents/MASC/Class Metrics Library/ClassMetricsLib/Makefile&quot;  VERBOSE=1 &quot;$file&quot;"/>
					<Clean command="C:/MinGW/bin/mingw32-make.exe -f &quot;C:/Users/i_maa/Documents/MASC/Class Metrics Library/ClassMetricsLib/Makefile&quot;  VERBOSE=1 clean"/>
					<DistClean command="C:/MinGW/bin/mingw32-make.exe -f &quot;C:/Users/i_maa/Documents/MASC/Class Metrics Library/ClassMetricsLib/Makefile&quot;  VERBOSE=1 clean"/>
				</MakeCommands>
			</Target>
			<Target title="rebuild_cache">
				<Option working_dir="C:/Users/i_maa/Documents/MASC/Class Metrics Library/ClassMetricsLib"/>
				<Option type="4"/>
				<MakeCommands>
					<Build command="C:/MinGW/bin/mingw32-make.exe -f &quot;C:/Users/i_maa/Documents/MASC/Class Metrics Library/ClassMetricsLib/Makefile&quot;  VERBOSE=1 rebuild_cache"/>
					<CompileFile command="C:/MinGW/bin/mingw32-make.exe -f &quot;C:/Users/i_maa/Documents/MASC/Class Metrics Library/ClassMetricsLib/Makefile&quot;  VERBOSE=1 &quot;$file&quot;"/>
					<Clean command="C:/MinGW/bin/mingw32-make.exe -f &quot;C:/Users/i_maa/Documents/MASC/Class Metrics Library/ClassMetricsLib/Makefile&quot;  VERBOSE=1 clean"/>
					<DistClean command="C:/MinGW/bin/mingw32-make.exe -f &quot;C:/Users/i_maa/Documents/MASC/Class Metrics Library/ClassMetricsLib/Makefile&quot;  VERBOSE=1 clean"/>
				</MakeCommands>
			</Target>
		</Build>
		<Unit filename="C:/Users/i_maa/Documents/MASC/Class Metrics Library/ClassMetricsLib/CallMainInMain.h">
			<Option target="main"/>
		</Unit>
		<Unit filename="C:/Users/i_maa/Documents/MASC/Class Metrics Library/ClassMetricsLib/Classification/BinaryClassification.cpp">
			<Option target="ClassMetrics"/>
		</Unit>
		<Unit filename="C:/Users/i_maa/Documents/MASC/Class Metrics Library/ClassMetricsLib/Classification/BinaryClassification.h">
			<Option target="ClassMetrics"/>
		</Unit>
		<Unit filename="C:/Users/i_maa/Documents/MASC/Class Metrics Library/ClassMetricsLib/Classification/ClassificationFactory.h">
			<Option target="ClassMetrics"/>
		</Unit>
		<Unit filename="C:/Users/i_maa/Documents/MASC/Class Metrics Library/ClassMetricsLib/Classification/InputVectors/input.cpp">
			<Option target="ClassMetrics"/>
		</Unit>
		<Unit filename="C:/Users/i_maa/Documents/MASC/Class Metrics Library/ClassMetricsLib/Classification/InputVectors/input.hpp">
			<Option target="ClassMetrics"/>
		</Unit>
		<Unit filename="C:/Users/i_maa/Documents/MASC/Class Metrics Library/ClassMetricsLib/Classification/MaryClassification.cpp">
			<Option target="ClassMetrics"/>
		</Unit>
		<Unit filename="C:/Users/i_maa/Documents/MASC/Class Metrics Library/ClassMetricsLib/Classification/MaryClassification.h">
			<Option target="ClassMetrics"/>
		</Unit>
		<Unit filename="C:/Users/i_maa/Documents/MASC/Class Metrics Library/ClassMetricsLib/Classification/MultiLabelClassification.cpp">
			<Option target="ClassMetrics"/>
		</Unit>
		<Unit filename="C:/Users/i_maa/Documents/MASC/Class Metrics Library/ClassMetricsLib/Classification/MultiLabelClassification.h">
			<Option target="ClassMetrics"/>
		</Unit>
		<Unit filename="C:/Users/i_maa/Documents/MASC/Class Metrics Library/ClassMetricsLib/main.cpp">
			<Option target="main"/>
		</Unit>
		<Unit filename="C:/Users/i_maa/Documents/MASC/Class Metrics Library/ClassMetricsLib/CMakeLists.txt">
			<Option virtualFolder="CMake Files\"/>
		</Unit>
	</Project>
</CodeBlocks_project_file>
